
Microsoft Visual Studio Solution File, Format Version 12.00
# Visual Studio Version 16
VisualStudioVersion = 16.0.29230.47
MinimumVisualStudioVersion = 10.0.40219.1
Project("{9A19103F-16F7-4668-BE54-9A1E7A4F7556}") = "CCCP.Telegram", "CCCP.Telegram\CCCP.Telegram.csproj", "{27C07337-13E8-491E-B6B2-F4DBD4AE238D}"
EndProject
Project("{FAE04EC0-301F-11D3-BF4B-00C04F79EFBC}") = "CCCP.DAL", "CCCP.DAL\CCCP.DAL.csproj", "{41F370DF-DDF9-4165-9948-0400EBF3DA2F}"
EndProject
Global
	GlobalSection(SolutionConfigurationPlatforms) = preSolution
		Debug|Any CPU = Debug|Any CPU
		Release|Any CPU = Release|Any CPU
	EndGlobalSection
	GlobalSection(ProjectConfigurationPlatforms) = postSolution
		{27C07337-13E8-491E-B6B2-F4DBD4AE238D}.Debug|Any CPU.ActiveCfg = Debug|Any CPU
		{27C07337-13E8-491E-B6B2-F4DBD4AE238D}.Debug|Any CPU.Build.0 = Debug|Any CPU
		{27C07337-13E8-491E-B6B2-F4DBD4AE238D}.Release|Any CPU.ActiveCfg = Release|Any CPU
		{27C07337-13E8-491E-B6B2-F4DBD4AE238D}.Release|Any CPU.Build.0 = Release|Any CPU
		{41F370DF-DDF9-4165-9948-0400EBF3DA2F}.Debug|Any CPU.ActiveCfg = Debug|Any CPU
		{41F370DF-DDF9-4165-9948-0400EBF3DA2F}.Debug|Any CPU.Build.0 = Debug|Any CPU
		{41F370DF-DDF9-4165-9948-0400EBF3DA2F}.Release|Any CPU.ActiveCfg = Release|Any CPU
		{41F370DF-DDF9-4165-9948-0400EBF3DA2F}.Release|Any CPU.Build.0 = Release|Any CPU
	EndGlobalSection
	GlobalSection(SolutionProperties) = preSolution
		HideSolutionNode = FALSE
	EndGlobalSection
	GlobalSection(ExtensibilityGlobals) = postSolution
		SolutionGuid = {11322C2B-2F76-485D-BA20-0956DC464406}
	EndGlobalSection
EndGlobal
